// !$*UTF8*$!
{
	archiveVersion = 1;
	classes = {
	};
	objectVersion = 46;
	objects = {

/* Begin PBXBuildFile section */
		AB8036181B3B84D70019208C /* main.m in Sources */ = {isa = PBXBuildFile; fileRef = AB8036171B3B84D70019208C /* main.m */; };
		AB8036211B3B84D70019208C /* Main.storyboard in Resources */ = {isa = PBXBuildFile; fileRef = AB80361F1B3B84D70019208C /* Main.storyboard */; };
		AB8036231B3B84D70019208C /* Images.xcassets in Resources */ = {isa = PBXBuildFile; fileRef = AB8036221B3B84D70019208C /* Images.xcassets */; };
		AB8036261B3B84D70019208C /* LaunchScreen.xib in Resources */ = {isa = PBXBuildFile; fileRef = AB8036241B3B84D70019208C /* LaunchScreen.xib */; };
		AB8036321B3B84D70019208C /* TicTacToeTests.m in Sources */ = {isa = PBXBuildFile; fileRef = AB8036311B3B84D70019208C /* TicTacToeTests.m */; };
		AB8036421B3B86510019208C /* TTTAppDelegate.m in Sources */ = {isa = PBXBuildFile; fileRef = AB8036411B3B86510019208C /* TTTAppDelegate.m */; };
		AB8036471B3B9CF70019208C /* TTTApplicationViewController.m in Sources */ = {isa = PBXBuildFile; fileRef = AB8036461B3B9CF70019208C /* TTTApplicationViewController.m */; };
		AB80364B1B3B9E180019208C /* TTTBoardView.m in Sources */ = {isa = PBXBuildFile; fileRef = AB80364A1B3B9E180019208C /* TTTBoardView.m */; };
		AB80364E1B3C647A0019208C /* TTTBoxView.m in Sources */ = {isa = PBXBuildFile; fileRef = AB80364D1B3C647A0019208C /* TTTBoxView.m */; };
		AB8036541B3C88770019208C /* TTTBoxViewModel.m in Sources */ = {isa = PBXBuildFile; fileRef = AB8036531B3C88770019208C /* TTTBoxViewModel.m */; };
		AB8036591B3C9E000019208C /* TTTGameController.m in Sources */ = {isa = PBXBuildFile; fileRef = AB8036581B3C9E000019208C /* TTTGameController.m */; };
		AB80365C1B3CB3FA0019208C /* TTTXView.m in Sources */ = {isa = PBXBuildFile; fileRef = AB80365B1B3CB3FA0019208C /* TTTXView.m */; };
		AB80365F1B3CB5F30019208C /* TTTOView.m in Sources */ = {isa = PBXBuildFile; fileRef = AB80365E1B3CB5F30019208C /* TTTOView.m */; };
		AB8036641B3D14150019208C /* TTTPlayerMove.m in Sources */ = {isa = PBXBuildFile; fileRef = AB8036631B3D14150019208C /* TTTPlayerMove.m */; };
		AB8036681B3D16D30019208C /* TTTGameValidator.m in Sources */ = {isa = PBXBuildFile; fileRef = AB8036671B3D16D30019208C /* TTTGameValidator.m */; };
/* End PBXBuildFile section */

/* Begin PBXContainerItemProxy section */
		AB80362C1B3B84D70019208C /* PBXContainerItemProxy */ = {
			isa = PBXContainerItemProxy;
			containerPortal = AB80360A1B3B84D70019208C /* Project object */;
			proxyType = 1;
			remoteGlobalIDString = AB8036111B3B84D70019208C;
			remoteInfo = TicTacToe;
		};
/* End PBXContainerItemProxy section */

/* Begin PBXFileReference section */
		AB8036121B3B84D70019208C /* TicTacToe.app */ = {isa = PBXFileReference; explicitFileType = wrapper.application; includeInIndex = 0; path = TicTacToe.app; sourceTree = BUILT_PRODUCTS_DIR; };
		AB8036161B3B84D70019208C /* Info.plist */ = {isa = PBXFileReference; lastKnownFileType = text.plist.xml; path = Info.plist; sourceTree = "<group>"; };
		AB8036171B3B84D70019208C /* main.m */ = {isa = PBXFileReference; lastKnownFileType = sourcecode.c.objc; path = main.m; sourceTree = "<group>"; };
		AB8036201B3B84D70019208C /* Base */ = {isa = PBXFileReference; lastKnownFileType = file.storyboard; name = Base; path = Base.lproj/Main.storyboard; sourceTree = "<group>"; };
		AB8036221B3B84D70019208C /* Images.xcassets */ = {isa = PBXFileReference; lastKnownFileType = folder.assetcatalog; path = Images.xcassets; sourceTree = "<group>"; };
		AB8036251B3B84D70019208C /* Base */ = {isa = PBXFileReference; lastKnownFileType = file.xib; name = Base; path = Base.lproj/LaunchScreen.xib; sourceTree = "<group>"; };
		AB80362B1B3B84D70019208C /* TicTacToeTests.xctest */ = {isa = PBXFileReference; explicitFileType = wrapper.cfbundle; includeInIndex = 0; path = TicTacToeTests.xctest; sourceTree = BUILT_PRODUCTS_DIR; };
		AB8036301B3B84D70019208C /* Info.plist */ = {isa = PBXFileReference; lastKnownFileType = text.plist.xml; path = Info.plist; sourceTree = "<group>"; };
		AB8036311B3B84D70019208C /* TicTacToeTests.m */ = {isa = PBXFileReference; lastKnownFileType = sourcecode.c.objc; path = TicTacToeTests.m; sourceTree = "<group>"; };
		AB8036401B3B86510019208C /* TTTAppDelegate.h */ = {isa = PBXFileReference; fileEncoding = 4; lastKnownFileType = sourcecode.c.h; path = TTTAppDelegate.h; sourceTree = "<group>"; };
		AB8036411B3B86510019208C /* TTTAppDelegate.m */ = {isa = PBXFileReference; fileEncoding = 4; lastKnownFileType = sourcecode.c.objc; path = TTTAppDelegate.m; sourceTree = "<group>"; };
		AB8036451B3B9CF70019208C /* TTTApplicationViewController.h */ = {isa = PBXFileReference; fileEncoding = 4; lastKnownFileType = sourcecode.c.h; path = TTTApplicationViewController.h; sourceTree = "<group>"; };
		AB8036461B3B9CF70019208C /* TTTApplicationViewController.m */ = {isa = PBXFileReference; fileEncoding = 4; lastKnownFileType = sourcecode.c.objc; path = TTTApplicationViewController.m; sourceTree = "<group>"; };
		AB8036491B3B9E180019208C /* TTTBoardView.h */ = {isa = PBXFileReference; fileEncoding = 4; lastKnownFileType = sourcecode.c.h; path = TTTBoardView.h; sourceTree = "<group>"; };
		AB80364A1B3B9E180019208C /* TTTBoardView.m */ = {isa = PBXFileReference; fileEncoding = 4; lastKnownFileType = sourcecode.c.objc; path = TTTBoardView.m; sourceTree = "<group>"; };
		AB80364C1B3C64790019208C /* TTTBoxView.h */ = {isa = PBXFileReference; fileEncoding = 4; lastKnownFileType = sourcecode.c.h; path = TTTBoxView.h; sourceTree = "<group>"; };
		AB80364D1B3C647A0019208C /* TTTBoxView.m */ = {isa = PBXFileReference; fileEncoding = 4; lastKnownFileType = sourcecode.c.objc; path = TTTBoxView.m; sourceTree = "<group>"; };
		AB8036501B3C841D0019208C /* TTTBoxProtocol.h */ = {isa = PBXFileReference; fileEncoding = 4; lastKnownFileType = sourcecode.c.h; path = TTTBoxProtocol.h; sourceTree = "<group>"; };
		AB8036521B3C88770019208C /* TTTBoxViewModel.h */ = {isa = PBXFileReference; fileEncoding = 4; lastKnownFileType = sourcecode.c.h; path = TTTBoxViewModel.h; sourceTree = "<group>"; };
		AB8036531B3C88770019208C /* TTTBoxViewModel.m */ = {isa = PBXFileReference; fileEncoding = 4; lastKnownFileType = sourcecode.c.objc; path = TTTBoxViewModel.m; sourceTree = "<group>"; };
		AB8036571B3C9E000019208C /* TTTGameController.h */ = {isa = PBXFileReference; fileEncoding = 4; lastKnownFileType = sourcecode.c.h; path = TTTGameController.h; sourceTree = "<group>"; };
		AB8036581B3C9E000019208C /* TTTGameController.m */ = {isa = PBXFileReference; fileEncoding = 4; lastKnownFileType = sourcecode.c.objc; path = TTTGameController.m; sourceTree = "<group>"; };
		AB80365A1B3CB3FA0019208C /* TTTXView.h */ = {isa = PBXFileReference; fileEncoding = 4; lastKnownFileType = sourcecode.c.h; path = TTTXView.h; sourceTree = "<group>"; };
		AB80365B1B3CB3FA0019208C /* TTTXView.m */ = {isa = PBXFileReference; fileEncoding = 4; lastKnownFileType = sourcecode.c.objc; path = TTTXView.m; sourceTree = "<group>"; };
		AB80365D1B3CB5F30019208C /* TTTOView.h */ = {isa = PBXFileReference; fileEncoding = 4; lastKnownFileType = sourcecode.c.h; path = TTTOView.h; sourceTree = "<group>"; };
		AB80365E1B3CB5F30019208C /* TTTOView.m */ = {isa = PBXFileReference; fileEncoding = 4; lastKnownFileType = sourcecode.c.objc; path = TTTOView.m; sourceTree = "<group>"; };
		AB8036601B3CCE780019208C /* TTTGameControllerProtocol.h */ = {isa = PBXFileReference; fileEncoding = 4; lastKnownFileType = sourcecode.c.h; path = TTTGameControllerProtocol.h; sourceTree = "<group>"; };
		AB8036621B3D14150019208C /* TTTPlayerMove.h */ = {isa = PBXFileReference; fileEncoding = 4; lastKnownFileType = sourcecode.c.h; path = TTTPlayerMove.h; sourceTree = "<group>"; };
		AB8036631B3D14150019208C /* TTTPlayerMove.m */ = {isa = PBXFileReference; fileEncoding = 4; lastKnownFileType = sourcecode.c.objc; path = TTTPlayerMove.m; sourceTree = "<group>"; };
		AB8036661B3D16D30019208C /* TTTGameValidator.h */ = {isa = PBXFileReference; fileEncoding = 4; lastKnownFileType = sourcecode.c.h; path = TTTGameValidator.h; sourceTree = "<group>"; };
		AB8036671B3D16D30019208C /* TTTGameValidator.m */ = {isa = PBXFileReference; fileEncoding = 4; lastKnownFileType = sourcecode.c.objc; path = TTTGameValidator.m; sourceTree = "<group>"; };
/* End PBXFileReference section */

/* Begin PBXFrameworksBuildPhase section */
		AB80360F1B3B84D70019208C /* Frameworks */ = {
			isa = PBXFrameworksBuildPhase;
			buildActionMask = 2147483647;
			files = (
			);
			runOnlyForDeploymentPostprocessing = 0;
		};
		AB8036281B3B84D70019208C /* Frameworks */ = {
			isa = PBXFrameworksBuildPhase;
			buildActionMask = 2147483647;
			files = (
			);
			runOnlyForDeploymentPostprocessing = 0;
		};
/* End PBXFrameworksBuildPhase section */

/* Begin PBXGroup section */
		AB8036091B3B84D70019208C = {
			isa = PBXGroup;
			children = (
				AB8036141B3B84D70019208C /* TicTacToe */,
				AB80362E1B3B84D70019208C /* TicTacToeTests */,
				AB8036131B3B84D70019208C /* Products */,
			);
			sourceTree = "<group>";
		};
		AB8036131B3B84D70019208C /* Products */ = {
			isa = PBXGroup;
			children = (
				AB8036121B3B84D70019208C /* TicTacToe.app */,
				AB80362B1B3B84D70019208C /* TicTacToeTests.xctest */,
			);
			name = Products;
			sourceTree = "<group>";
		};
		AB8036141B3B84D70019208C /* TicTacToe */ = {
			isa = PBXGroup;
			children = (
				AB80363B1B3B86070019208C /* AppDelegate */,
				AB8036561B3C9D340019208C /* Controllers */,
				AB8036221B3B84D70019208C /* Images.xcassets */,
				AB8036241B3B84D70019208C /* LaunchScreen.xib */,
				AB80361F1B3B84D70019208C /* Main.storyboard */,
				AB8036611B3D13F90019208C /* Models */,
				AB80364F1B3C83F60019208C /* Protocols */,
				AB8036151B3B84D70019208C /* Supporting Files */,
				AB8036651B3D16C20019208C /* Validators */,
				AB80363C1B3B86070019208C /* ViewControllers */,
				AB8036511B3C885C0019208C /* ViewModels */,
				AB8036481B3B9DF40019208C /* Views */,
			);
			path = TicTacToe;
			sourceTree = "<group>";
		};
		AB8036151B3B84D70019208C /* Supporting Files */ = {
			isa = PBXGroup;
			children = (
				AB8036161B3B84D70019208C /* Info.plist */,
				AB8036171B3B84D70019208C /* main.m */,
			);
			name = "Supporting Files";
			sourceTree = "<group>";
		};
		AB80362E1B3B84D70019208C /* TicTacToeTests */ = {
			isa = PBXGroup;
			children = (
				AB8036311B3B84D70019208C /* TicTacToeTests.m */,
				AB80362F1B3B84D70019208C /* Supporting Files */,
			);
			path = TicTacToeTests;
			sourceTree = "<group>";
		};
		AB80362F1B3B84D70019208C /* Supporting Files */ = {
			isa = PBXGroup;
			children = (
				AB8036301B3B84D70019208C /* Info.plist */,
			);
			name = "Supporting Files";
			sourceTree = "<group>";
		};
		AB80363B1B3B86070019208C /* AppDelegate */ = {
			isa = PBXGroup;
			children = (
				AB8036401B3B86510019208C /* TTTAppDelegate.h */,
				AB8036411B3B86510019208C /* TTTAppDelegate.m */,
			);
			path = AppDelegate;
			sourceTree = "<group>";
		};
		AB80363C1B3B86070019208C /* ViewControllers */ = {
			isa = PBXGroup;
			children = (
				AB8036451B3B9CF70019208C /* TTTApplicationViewController.h */,
				AB8036461B3B9CF70019208C /* TTTApplicationViewController.m */,
			);
			path = ViewControllers;
			sourceTree = "<group>";
		};
		AB8036481B3B9DF40019208C /* Views */ = {
			isa = PBXGroup;
			children = (
				AB8036491B3B9E180019208C /* TTTBoardView.h */,
				AB80364A1B3B9E180019208C /* TTTBoardView.m */,
				AB80364C1B3C64790019208C /* TTTBoxView.h */,
				AB80364D1B3C647A0019208C /* TTTBoxView.m */,
				AB80365A1B3CB3FA0019208C /* TTTXView.h */,
				AB80365B1B3CB3FA0019208C /* TTTXView.m */,
				AB80365D1B3CB5F30019208C /* TTTOView.h */,
				AB80365E1B3CB5F30019208C /* TTTOView.m */,
			);
			path = Views;
			sourceTree = "<group>";
		};
		AB80364F1B3C83F60019208C /* Protocols */ = {
			isa = PBXGroup;
			children = (
				AB8036501B3C841D0019208C /* TTTBoxProtocol.h */,
				AB8036601B3CCE780019208C /* TTTGameControllerProtocol.h */,
			);
			path = Protocols;
			sourceTree = "<group>";
		};
		AB8036511B3C885C0019208C /* ViewModels */ = {
			isa = PBXGroup;
			children = (
				AB8036521B3C88770019208C /* TTTBoxViewModel.h */,
				AB8036531B3C88770019208C /* TTTBoxViewModel.m */,
			);
			path = ViewModels;
			sourceTree = "<group>";
		};
		AB8036561B3C9D340019208C /* Controllers */ = {
			isa = PBXGroup;
			children = (
				AB8036571B3C9E000019208C /* TTTGameController.h */,
				AB8036581B3C9E000019208C /* TTTGameController.m */,
			);
			path = Controllers;
			sourceTree = "<group>";
		};
		AB8036611B3D13F90019208C /* Models */ = {
			isa = PBXGroup;
			children = (
				AB8036621B3D14150019208C /* TTTPlayerMove.h */,
				AB8036631B3D14150019208C /* TTTPlayerMove.m */,
			);
			path = Models;
			sourceTree = "<group>";
		};
		AB8036651B3D16C20019208C /* Validators */ = {
			isa = PBXGroup;
			children = (
				AB8036661B3D16D30019208C /* TTTGameValidator.h */,
				AB8036671B3D16D30019208C /* TTTGameValidator.m */,
			);
			path = Validators;
			sourceTree = "<group>";
		};
/* End PBXGroup section */

/* Begin PBXNativeTarget section */
		AB8036111B3B84D70019208C /* TicTacToe */ = {
			isa = PBXNativeTarget;
			buildConfigurationList = AB8036351B3B84D70019208C /* Build configuration list for PBXNativeTarget "TicTacToe" */;
			buildPhases = (
				AB80360E1B3B84D70019208C /* Sources */,
				AB80360F1B3B84D70019208C /* Frameworks */,
				AB8036101B3B84D70019208C /* Resources */,
			);
			buildRules = (
			);
			dependencies = (
			);
			name = TicTacToe;
			productName = TicTacToe;
			productReference = AB8036121B3B84D70019208C /* TicTacToe.app */;
			productType = "com.apple.product-type.application";
		};
		AB80362A1B3B84D70019208C /* TicTacToeTests */ = {
			isa = PBXNativeTarget;
			buildConfigurationList = AB8036381B3B84D70019208C /* Build configuration list for PBXNativeTarget "TicTacToeTests" */;
			buildPhases = (
				AB8036271B3B84D70019208C /* Sources */,
				AB8036281B3B84D70019208C /* Frameworks */,
				AB8036291B3B84D70019208C /* Resources */,
			);
			buildRules = (
			);
			dependencies = (
				AB80362D1B3B84D70019208C /* PBXTargetDependency */,
			);
			name = TicTacToeTests;
			productName = TicTacToeTests;
			productReference = AB80362B1B3B84D70019208C /* TicTacToeTests.xctest */;
			productType = "com.apple.product-type.bundle.unit-test";
		};
/* End PBXNativeTarget section */

/* Begin PBXProject section */
		AB80360A1B3B84D70019208C /* Project object */ = {
			isa = PBXProject;
			attributes = {
				LastUpgradeCheck = 0630;
				ORGANIZATIONNAME = "Quantum Ventures";
				TargetAttributes = {
					AB8036111B3B84D70019208C = {
						CreatedOnToolsVersion = 6.3.2;
					};
					AB80362A1B3B84D70019208C = {
						CreatedOnToolsVersion = 6.3.2;
						TestTargetID = AB8036111B3B84D70019208C;
					};
				};
			};
			buildConfigurationList = AB80360D1B3B84D70019208C /* Build configuration list for PBXProject "TicTacToe" */;
			compatibilityVersion = "Xcode 3.2";
			developmentRegion = English;
			hasScannedForEncodings = 0;
			knownRegions = (
				en,
				Base,
			);
			mainGroup = AB8036091B3B84D70019208C;
			productRefGroup = AB8036131B3B84D70019208C /* Products */;
			projectDirPath = "";
			projectRoot = "";
			targets = (
				AB8036111B3B84D70019208C /* TicTacToe */,
				AB80362A1B3B84D70019208C /* TicTacToeTests */,
			);
		};
/* End PBXProject section */

/* Begin PBXResourcesBuildPhase section */
		AB8036101B3B84D70019208C /* Resources */ = {
			isa = PBXResourcesBuildPhase;
			buildActionMask = 2147483647;
			files = (
				AB8036211B3B84D70019208C /* Main.storyboard in Resources */,
				AB8036261B3B84D70019208C /* LaunchScreen.xib in Resources */,
				AB8036231B3B84D70019208C /* Images.xcassets in Resources */,
			);
			runOnlyForDeploymentPostprocessing = 0;
		};
		AB8036291B3B84D70019208C /* Resources */ = {
			isa = PBXResourcesBuildPhase;
			buildActionMask = 2147483647;
			files = (
			);
			runOnlyForDeploymentPostprocessing = 0;
		};
/* End PBXResourcesBuildPhase section */

/* Begin PBXSourcesBuildPhase section */
		AB80360E1B3B84D70019208C /* Sources */ = {
			isa = PBXSourcesBuildPhase;
			buildActionMask = 2147483647;
			files = (
				AB8036641B3D14150019208C /* TTTPlayerMove.m in Sources */,
				AB8036181B3B84D70019208C /* main.m in Sources */,
				AB8036681B3D16D30019208C /* TTTGameValidator.m in Sources */,
				AB8036471B3B9CF70019208C /* TTTApplicationViewController.m in Sources */,
				AB80364B1B3B9E180019208C /* TTTBoardView.m in Sources */,
				AB8036421B3B86510019208C /* TTTAppDelegate.m in Sources */,
				AB80365C1B3CB3FA0019208C /* TTTXView.m in Sources */,
				AB80365F1B3CB5F30019208C /* TTTOView.m in Sources */,
				AB80364E1B3C647A0019208C /* TTTBoxView.m in Sources */,
				AB8036541B3C88770019208C /* TTTBoxViewModel.m in Sources */,
				AB8036591B3C9E000019208C /* TTTGameController.m in Sources */,
			);
			runOnlyForDeploymentPostprocessing = 0;
		};
		AB8036271B3B84D70019208C /* Sources */ = {
			isa = PBXSourcesBuildPhase;
			buildActionMask = 2147483647;
			files = (
				AB8036321B3B84D70019208C /* TicTacToeTests.m in Sources */,
			);
			runOnlyForDeploymentPostprocessing = 0;
		};
/* End PBXSourcesBuildPhase section */

/* Begin PBXTargetDependency section */
		AB80362D1B3B84D70019208C /* PBXTargetDependency */ = {
			isa = PBXTargetDependency;
			target = AB8036111B3B84D70019208C /* TicTacToe */;
			targetProxy = AB80362C1B3B84D70019208C /* PBXContainerItemProxy */;
		};
/* End PBXTargetDependency section */

/* Begin PBXVariantGroup section */
		AB80361F1B3B84D70019208C /* Main.storyboard */ = {
			isa = PBXVariantGroup;
			children = (
				AB8036201B3B84D70019208C /* Base */,
			);
			name = Main.storyboard;
			sourceTree = "<group>";
		};
		AB8036241B3B84D70019208C /* LaunchScreen.xib */ = {
			isa = PBXVariantGroup;
			children = (
				AB8036251B3B84D70019208C /* Base */,
			);
			name = LaunchScreen.xib;
			sourceTree = "<group>";
		};
/* End PBXVariantGroup section */

/* Begin XCBuildConfiguration section */
		AB8036331B3B84D70019208C /* Debug */ = {
			isa = XCBuildConfiguration;
			buildSettings = {
				ALWAYS_SEARCH_USER_PATHS = NO;
				CLANG_CXX_LANGUAGE_STANDARD = "gnu++0x";
				CLANG_CXX_LIBRARY = "libc++";
				CLANG_ENABLE_MODULES = YES;
				CLANG_ENABLE_OBJC_ARC = YES;
				CLANG_WARN_BOOL_CONVERSION = YES;
				CLANG_WARN_CONSTANT_CONVERSION = YES;
				CLANG_WARN_DIRECT_OBJC_ISA_USAGE = YES_ERROR;
				CLANG_WARN_EMPTY_BODY = YES;
				CLANG_WARN_ENUM_CONVERSION = YES;
				CLANG_WARN_INT_CONVERSION = YES;
				CLANG_WARN_OBJC_ROOT_CLASS = YES_ERROR;
				CLANG_WARN_UNREACHABLE_CODE = YES;
				CLANG_WARN__DUPLICATE_METHOD_MATCH = YES;
				"CODE_SIGN_IDENTITY[sdk=iphoneos*]" = "iPhone Developer";
				COPY_PHASE_STRIP = NO;
				DEBUG_INFORMATION_FORMAT = "dwarf-with-dsym";
				ENABLE_STRICT_OBJC_MSGSEND = YES;
				GCC_C_LANGUAGE_STANDARD = gnu99;
				GCC_DYNAMIC_NO_PIC = NO;
				GCC_NO_COMMON_BLOCKS = YES;
				GCC_OPTIMIZATION_LEVEL = 0;
				GCC_PREPROCESSOR_DEFINITIONS = (
					"DEBUG=1",
					"$(inherited)",
				);
				GCC_SYMBOLS_PRIVATE_EXTERN = NO;
				GCC_WARN_64_TO_32_BIT_CONVERSION = YES;
				GCC_WARN_ABOUT_RETURN_TYPE = YES_ERROR;
				GCC_WARN_UNDECLARED_SELECTOR = YES;
				GCC_WARN_UNINITIALIZED_AUTOS = YES_AGGRESSIVE;
				GCC_WARN_UNUSED_FUNCTION = YES;
				GCC_WARN_UNUSED_VARIABLE = YES;
				IPHONEOS_DEPLOYMENT_TARGET = 8.3;
				MTL_ENABLE_DEBUG_INFO = YES;
				ONLY_ACTIVE_ARCH = YES;
				SDKROOT = iphoneos;
			};
			name = Debug;
		};
		AB8036341B3B84D70019208C /* Release */ = {
			isa = XCBuildConfiguration;
			buildSettings = {
				ALWAYS_SEARCH_USER_PATHS = NO;
				CLANG_CXX_LANGUAGE_STANDARD = "gnu++0x";
				CLANG_CXX_LIBRARY = "libc++";
				CLANG_ENABLE_MODULES = YES;
				CLANG_ENABLE_OBJC_ARC = YES;
				CLANG_WARN_BOOL_CONVERSION = YES;
				CLANG_WARN_CONSTANT_CONVERSION = YES;
				CLANG_WARN_DIRECT_OBJC_ISA_USAGE = YES_ERROR;
				CLANG_WARN_EMPTY_BODY = YES;
				CLANG_WARN_ENUM_CONVERSION = YES;
				CLANG_WARN_INT_CONVERSION = YES;
				CLANG_WARN_OBJC_ROOT_CLASS = YES_ERROR;
				CLANG_WARN_UNREACHABLE_CODE = YES;
				CLANG_WARN__DUPLICATE_METHOD_MATCH = YES;
				"CODE_SIGN_IDENTITY[sdk=iphoneos*]" = "iPhone Developer";
				COPY_PHASE_STRIP = NO;
				DEBUG_INFORMATION_FORMAT = "dwarf-with-dsym";
				ENABLE_NS_ASSERTIONS = NO;
				ENABLE_STRICT_OBJC_MSGSEND = YES;
				GCC_C_LANGUAGE_STANDARD = gnu99;
				GCC_NO_COMMON_BLOCKS = YES;
				GCC_WARN_64_TO_32_BIT_CONVERSION = YES;
				GCC_WARN_ABOUT_RETURN_TYPE = YES_ERROR;
				GCC_WARN_UNDECLARED_SELECTOR = YES;
				GCC_WARN_UNINITIALIZED_AUTOS = YES_AGGRESSIVE;
				GCC_WARN_UNUSED_FUNCTION = YES;
				GCC_WARN_UNUSED_VARIABLE = YES;
				IPHONEOS_DEPLOYMENT_TARGET = 8.3;
				MTL_ENABLE_DEBUG_INFO = NO;
				SDKROOT = iphoneos;
				VALIDATE_PRODUCT = YES;
			};
			name = Release;
		};
		AB8036361B3B84D70019208C /* Debug */ = {
			isa = XCBuildConfiguration;
			buildSettings = {
				ASSETCATALOG_COMPILER_APPICON_NAME = AppIcon;
				INFOPLIST_FILE = TicTacToe/Info.plist;
				LD_RUNPATH_SEARCH_PATHS = "$(inherited) @executable_path/Frameworks";
				PRODUCT_NAME = "$(TARGET_NAME)";
			};
			name = Debug;
		};
		AB8036371B3B84D70019208C /* Release */ = {
			isa = XCBuildConfiguration;
			buildSettings = {
				ASSETCATALOG_COMPILER_APPICON_NAME = AppIcon;
				INFOPLIST_FILE = TicTacToe/Info.plist;
				LD_RUNPATH_SEARCH_PATHS = "$(inherited) @executable_path/Frameworks";
				PRODUCT_NAME = "$(TARGET_NAME)";
			};
			name = Release;
		};
		AB8036391B3B84D70019208C /* Debug */ = {
			isa = XCBuildConfiguration;
			buildSettings = {
				BUNDLE_LOADER = "$(TEST_HOST)";
				FRAMEWORK_SEARCH_PATHS = (
					"$(SDKROOT)/Developer/Library/Frameworks",
					"$(inherited)",
				);
				GCC_PREPROCESSOR_DEFINITIONS = (
					"DEBUG=1",
					"$(inherited)",
				);
				INFOPLIST_FILE = TicTacToeTests/Info.plist;
				LD_RUNPATH_SEARCH_PATHS = "$(inherited) @executable_path/Frameworks @loader_path/Frameworks";
				PRODUCT_NAME = "$(TARGET_NAME)";
				TEST_HOST = "$(BUILT_PRODUCTS_DIR)/TicTacToe.app/TicTacToe";
			};
			name = Debug;
		};
		AB80363A1B3B84D70019208C /* Release */ = {
			isa = XCBuildConfiguration;
			buildSettings = {
				BUNDLE_LOADER = "$(TEST_HOST)";
				FRAMEWORK_SEARCH_PATHS = (
					"$(SDKROOT)/Developer/Library/Frameworks",
					"$(inherited)",
				);
				INFOPLIST_FILE = TicTacToeTests/Info.plist;
				LD_RUNPATH_SEARCH_PATHS = "$(inherited) @executable_path/Frameworks @loader_path/Frameworks";
				PRODUCT_NAME = "$(TARGET_NAME)";
				TEST_HOST = "$(BUILT_PRODUCTS_DIR)/TicTacToe.app/TicTacToe";
			};
			name = Release;
		};
/* End XCBuildConfiguration section */

/* Begin XCConfigurationList section */
		AB80360D1B3B84D70019208C /* Build configuration list for PBXProject "TicTacToe" */ = {
			isa = XCConfigurationList;
			buildConfigurations = (
				AB8036331B3B84D70019208C /* Debug */,
				AB8036341B3B84D70019208C /* Release */,
			);
			defaultConfigurationIsVisible = 0;
			defaultConfigurationName = Release;
		};
		AB8036351B3B84D70019208C /* Build configuration list for PBXNativeTarget "TicTacToe" */ = {
			isa = XCConfigurationList;
			buildConfigurations = (
				AB8036361B3B84D70019208C /* Debug */,
				AB8036371B3B84D70019208C /* Release */,
			);
			defaultConfigurationIsVisible = 0;
		};
		AB8036381B3B84D70019208C /* Build configuration list for PBXNativeTarget "TicTacToeTests" */ = {
			isa = XCConfigurationList;
			buildConfigurations = (
				AB8036391B3B84D70019208C /* Debug */,
				AB80363A1B3B84D70019208C /* Release */,
			);
			defaultConfigurationIsVisible = 0;
		};
/* End XCConfigurationList section */
	};
	rootObject = AB80360A1B3B84D70019208C /* Project object */;
}
